
Microsoft Visual Studio Solution File, Format Version 12.00
# Visual Studio 15
VisualStudioVersion = 15.0.27428.2027
MinimumVisualStudioVersion = 10.0.40219.1
Project("{FAE04EC0-301F-11D3-BF4B-00C04F79EFBC}") = "MobApp.Android", "MobApp\MobApp.Android\MobApp.Android.csproj", "{1D8EC97B-C9CA-4B00-8176-5D6B83DB5C9D}"
EndProject
Project("{FAE04EC0-301F-11D3-BF4B-00C04F79EFBC}") = "MobApp.iOS", "MobApp\MobApp.iOS\MobApp.iOS.csproj", "{F3ADCA9F-2930-4D01-B76E-2B4EB6581A86}"
EndProject
Project("{FAE04EC0-301F-11D3-BF4B-00C04F79EFBC}") = "MobApp.UWP", "MobApp\MobApp.UWP\MobApp.UWP.csproj", "{84340593-B483-4E5E-85FE-CCA06AF851CE}"
EndProject
Project("{9A19103F-16F7-4668-BE54-9A1E7A4F7556}") = "MobApp", "MobApp\MobApp\MobApp.csproj", "{35819F3F-5519-4967-87B8-2AD5AEEC9874}"
EndProject
Project("{FAE04EC0-301F-11D3-BF4B-00C04F79EFBC}") = "MobApp1", "MobApp1\MobApp1.csproj", "{9DAC628D-B483-40F9-BC7B-1936D9DD59EF}"
EndProject
Project("{FAE04EC0-301F-11D3-BF4B-00C04F79EFBC}") = "WebMobApp1", "WebMobApp1\WebMobApp1.csproj", "{997BEC8D-83F9-4360-A480-3D2C614257C6}"
EndProject
Project("{FAE04EC0-301F-11D3-BF4B-00C04F79EFBC}") = "UInterface.Android", "UInterface\UInterface.Android\UInterface.Android.csproj", "{5F862E32-F042-464B-9A3D-DE455BA2A0D3}"
EndProject
Project("{FAE04EC0-301F-11D3-BF4B-00C04F79EFBC}") = "UInterface.iOS", "UInterface\UInterface.iOS\UInterface.iOS.csproj", "{1281D93D-56FB-42BE-8A85-FBFEF81A0A14}"
EndProject
Project("{FAE04EC0-301F-11D3-BF4B-00C04F79EFBC}") = "UInterface.UWP", "UInterface\UInterface.UWP\UInterface.UWP.csproj", "{95EE4C5F-FDA6-470E-A73F-10D61188252F}"
EndProject
Project("{9A19103F-16F7-4668-BE54-9A1E7A4F7556}") = "UInterface", "UInterface\UInterface\UInterface.csproj", "{FA6A79FE-B316-4C2C-BA04-7894F8ECD9DB}"
EndProject
Global
	GlobalSection(SolutionConfigurationPlatforms) = preSolution
		Ad-Hoc|Any CPU = Ad-Hoc|Any CPU
		Ad-Hoc|ARM = Ad-Hoc|ARM
		Ad-Hoc|iPhone = Ad-Hoc|iPhone
		Ad-Hoc|iPhoneSimulator = Ad-Hoc|iPhoneSimulator
		Ad-Hoc|x64 = Ad-Hoc|x64
		Ad-Hoc|x86 = Ad-Hoc|x86
		AppStore|Any CPU = AppStore|Any CPU
		AppStore|ARM = AppStore|ARM
		AppStore|iPhone = AppStore|iPhone
		AppStore|iPhoneSimulator = AppStore|iPhoneSimulator
		AppStore|x64 = AppStore|x64
		AppStore|x86 = AppStore|x86
		Debug|Any CPU = Debug|Any CPU
		Debug|ARM = Debug|ARM
		Debug|iPhone = Debug|iPhone
		Debug|iPhoneSimulator = Debug|iPhoneSimulator
		Debug|x64 = Debug|x64
		Debug|x86 = Debug|x86
		Release|Any CPU = Release|Any CPU
		Release|ARM = Release|ARM
		Release|iPhone = Release|iPhone
		Release|iPhoneSimulator = Release|iPhoneSimulator
		Release|x64 = Release|x64
		Release|x86 = Release|x86
	EndGlobalSection
	GlobalSection(ProjectConfigurationPlatforms) = postSolution
		{1D8EC97B-C9CA-4B00-8176-5D6B83DB5C9D}.Ad-Hoc|Any CPU.ActiveCfg = Release|Any CPU
		{1D8EC97B-C9CA-4B00-8176-5D6B83DB5C9D}.Ad-Hoc|Any CPU.Build.0 = Release|Any CPU
		{1D8EC97B-C9CA-4B00-8176-5D6B83DB5C9D}.Ad-Hoc|Any CPU.Deploy.0 = Release|Any CPU
		{1D8EC97B-C9CA-4B00-8176-5D6B83DB5C9D}.Ad-Hoc|ARM.ActiveCfg = Release|Any CPU
		{1D8EC97B-C9CA-4B00-8176-5D6B83DB5C9D}.Ad-Hoc|ARM.Build.0 = Release|Any CPU
		{1D8EC97B-C9CA-4B00-8176-5D6B83DB5C9D}.Ad-Hoc|ARM.Deploy.0 = Release|Any CPU
		{1D8EC97B-C9CA-4B00-8176-5D6B83DB5C9D}.Ad-Hoc|iPhone.ActiveCfg = Release|Any CPU
		{1D8EC97B-C9CA-4B00-8176-5D6B83DB5C9D}.Ad-Hoc|iPhone.Build.0 = Release|Any CPU
		{1D8EC97B-C9CA-4B00-8176-5D6B83DB5C9D}.Ad-Hoc|iPhone.Deploy.0 = Release|Any CPU
		{1D8EC97B-C9CA-4B00-8176-5D6B83DB5C9D}.Ad-Hoc|iPhoneSimulator.ActiveCfg = Release|Any CPU
		{1D8EC97B-C9CA-4B00-8176-5D6B83DB5C9D}.Ad-Hoc|iPhoneSimulator.Build.0 = Release|Any CPU
		{1D8EC97B-C9CA-4B00-8176-5D6B83DB5C9D}.Ad-Hoc|iPhoneSimulator.Deploy.0 = Release|Any CPU
		{1D8EC97B-C9CA-4B00-8176-5D6B83DB5C9D}.Ad-Hoc|x64.ActiveCfg = Release|Any CPU
		{1D8EC97B-C9CA-4B00-8176-5D6B83DB5C9D}.Ad-Hoc|x64.Build.0 = Release|Any CPU
		{1D8EC97B-C9CA-4B00-8176-5D6B83DB5C9D}.Ad-Hoc|x64.Deploy.0 = Release|Any CPU
		{1D8EC97B-C9CA-4B00-8176-5D6B83DB5C9D}.Ad-Hoc|x86.ActiveCfg = Release|Any CPU
		{1D8EC97B-C9CA-4B00-8176-5D6B83DB5C9D}.Ad-Hoc|x86.Build.0 = Release|Any CPU
		{1D8EC97B-C9CA-4B00-8176-5D6B83DB5C9D}.Ad-Hoc|x86.Deploy.0 = Release|Any CPU
		{1D8EC97B-C9CA-4B00-8176-5D6B83DB5C9D}.AppStore|Any CPU.ActiveCfg = Release|Any CPU
		{1D8EC97B-C9CA-4B00-8176-5D6B83DB5C9D}.AppStore|Any CPU.Build.0 = Release|Any CPU
		{1D8EC97B-C9CA-4B00-8176-5D6B83DB5C9D}.AppStore|Any CPU.Deploy.0 = Release|Any CPU
		{1D8EC97B-C9CA-4B00-8176-5D6B83DB5C9D}.AppStore|ARM.ActiveCfg = Release|Any CPU
		{1D8EC97B-C9CA-4B00-8176-5D6B83DB5C9D}.AppStore|ARM.Build.0 = Release|Any CPU
		{1D8EC97B-C9CA-4B00-8176-5D6B83DB5C9D}.AppStore|ARM.Deploy.0 = Release|Any CPU
		{1D8EC97B-C9CA-4B00-8176-5D6B83DB5C9D}.AppStore|iPhone.ActiveCfg = Release|Any CPU
		{1D8EC97B-C9CA-4B00-8176-5D6B83DB5C9D}.AppStore|iPhone.Build.0 = Release|Any CPU
		{1D8EC97B-C9CA-4B00-8176-5D6B83DB5C9D}.AppStore|iPhone.Deploy.0 = Release|Any CPU
		{1D8EC97B-C9CA-4B00-8176-5D6B83DB5C9D}.AppStore|iPhoneSimulator.ActiveCfg = Release|Any CPU
		{1D8EC97B-C9CA-4B00-8176-5D6B83DB5C9D}.AppStore|iPhoneSimulator.Build.0 = Release|Any CPU
		{1D8EC97B-C9CA-4B00-8176-5D6B83DB5C9D}.AppStore|iPhoneSimulator.Deploy.0 = Release|Any CPU
		{1D8EC97B-C9CA-4B00-8176-5D6B83DB5C9D}.AppStore|x64.ActiveCfg = Release|Any CPU
		{1D8EC97B-C9CA-4B00-8176-5D6B83DB5C9D}.AppStore|x64.Build.0 = Release|Any CPU
		{1D8EC97B-C9CA-4B00-8176-5D6B83DB5C9D}.AppStore|x64.Deploy.0 = Release|Any CPU
		{1D8EC97B-C9CA-4B00-8176-5D6B83DB5C9D}.AppStore|x86.ActiveCfg = Release|Any CPU
		{1D8EC97B-C9CA-4B00-8176-5D6B83DB5C9D}.AppStore|x86.Build.0 = Release|Any CPU
		{1D8EC97B-C9CA-4B00-8176-5D6B83DB5C9D}.AppStore|x86.Deploy.0 = Release|Any CPU
		{1D8EC97B-C9CA-4B00-8176-5D6B83DB5C9D}.Debug|Any CPU.ActiveCfg = Debug|Any CPU
		{1D8EC97B-C9CA-4B00-8176-5D6B83DB5C9D}.Debug|Any CPU.Build.0 = Debug|Any CPU
		{1D8EC97B-C9CA-4B00-8176-5D6B83DB5C9D}.Debug|ARM.ActiveCfg = Debug|Any CPU
		{1D8EC97B-C9CA-4B00-8176-5D6B83DB5C9D}.Debug|ARM.Build.0 = Debug|Any CPU
		{1D8EC97B-C9CA-4B00-8176-5D6B83DB5C9D}.Debug|ARM.Deploy.0 = Debug|Any CPU
		{1D8EC97B-C9CA-4B00-8176-5D6B83DB5C9D}.Debug|iPhone.ActiveCfg = Debug|Any CPU
		{1D8EC97B-C9CA-4B00-8176-5D6B83DB5C9D}.Debug|iPhoneSimulator.ActiveCfg = Debug|Any CPU
		{1D8EC97B-C9CA-4B00-8176-5D6B83DB5C9D}.Debug|iPhoneSimulator.Build.0 = Debug|Any CPU
		{1D8EC97B-C9CA-4B00-8176-5D6B83DB5C9D}.Debug|iPhoneSimulator.Deploy.0 = Debug|Any CPU
		{1D8EC97B-C9CA-4B00-8176-5D6B83DB5C9D}.Debug|x64.ActiveCfg = Debug|Any CPU
		{1D8EC97B-C9CA-4B00-8176-5D6B83DB5C9D}.Debug|x64.Build.0 = Debug|Any CPU
		{1D8EC97B-C9CA-4B00-8176-5D6B83DB5C9D}.Debug|x64.Deploy.0 = Debug|Any CPU
		{1D8EC97B-C9CA-4B00-8176-5D6B83DB5C9D}.Debug|x86.ActiveCfg = Debug|Any CPU
		{1D8EC97B-C9CA-4B00-8176-5D6B83DB5C9D}.Debug|x86.Build.0 = Debug|Any CPU
		{1D8EC97B-C9CA-4B00-8176-5D6B83DB5C9D}.Debug|x86.Deploy.0 = Debug|Any CPU
		{1D8EC97B-C9CA-4B00-8176-5D6B83DB5C9D}.Release|Any CPU.ActiveCfg = Release|Any CPU
		{1D8EC97B-C9CA-4B00-8176-5D6B83DB5C9D}.Release|Any CPU.Build.0 = Release|Any CPU
		{1D8EC97B-C9CA-4B00-8176-5D6B83DB5C9D}.Release|Any CPU.Deploy.0 = Release|Any CPU
		{1D8EC97B-C9CA-4B00-8176-5D6B83DB5C9D}.Release|ARM.ActiveCfg = Release|Any CPU
		{1D8EC97B-C9CA-4B00-8176-5D6B83DB5C9D}.Release|ARM.Build.0 = Release|Any CPU
		{1D8EC97B-C9CA-4B00-8176-5D6B83DB5C9D}.Release|ARM.Deploy.0 = Release|Any CPU
		{1D8EC97B-C9CA-4B00-8176-5D6B83DB5C9D}.Release|iPhone.ActiveCfg = Release|Any CPU
		{1D8EC97B-C9CA-4B00-8176-5D6B83DB5C9D}.Release|iPhone.Build.0 = Release|Any CPU
		{1D8EC97B-C9CA-4B00-8176-5D6B83DB5C9D}.Release|iPhone.Deploy.0 = Release|Any CPU
		{1D8EC97B-C9CA-4B00-8176-5D6B83DB5C9D}.Release|iPhoneSimulator.ActiveCfg = Release|Any CPU
		{1D8EC97B-C9CA-4B00-8176-5D6B83DB5C9D}.Release|iPhoneSimulator.Build.0 = Release|Any CPU
		{1D8EC97B-C9CA-4B00-8176-5D6B83DB5C9D}.Release|iPhoneSimulator.Deploy.0 = Release|Any CPU
		{1D8EC97B-C9CA-4B00-8176-5D6B83DB5C9D}.Release|x64.ActiveCfg = Release|Any CPU
		{1D8EC97B-C9CA-4B00-8176-5D6B83DB5C9D}.Release|x64.Build.0 = Release|Any CPU
		{1D8EC97B-C9CA-4B00-8176-5D6B83DB5C9D}.Release|x64.Deploy.0 = Release|Any CPU
		{1D8EC97B-C9CA-4B00-8176-5D6B83DB5C9D}.Release|x86.ActiveCfg = Release|Any CPU
		{1D8EC97B-C9CA-4B00-8176-5D6B83DB5C9D}.Release|x86.Build.0 = Release|Any CPU
		{1D8EC97B-C9CA-4B00-8176-5D6B83DB5C9D}.Release|x86.Deploy.0 = Release|Any CPU
		{F3ADCA9F-2930-4D01-B76E-2B4EB6581A86}.Ad-Hoc|Any CPU.ActiveCfg = Ad-Hoc|iPhone
		{F3ADCA9F-2930-4D01-B76E-2B4EB6581A86}.Ad-Hoc|ARM.ActiveCfg = Ad-Hoc|iPhone
		{F3ADCA9F-2930-4D01-B76E-2B4EB6581A86}.Ad-Hoc|iPhone.ActiveCfg = Ad-Hoc|iPhone
		{F3ADCA9F-2930-4D01-B76E-2B4EB6581A86}.Ad-Hoc|iPhone.Build.0 = Ad-Hoc|iPhone
		{F3ADCA9F-2930-4D01-B76E-2B4EB6581A86}.Ad-Hoc|iPhoneSimulator.ActiveCfg = Ad-Hoc|iPhoneSimulator
		{F3ADCA9F-2930-4D01-B76E-2B4EB6581A86}.Ad-Hoc|iPhoneSimulator.Build.0 = Ad-Hoc|iPhoneSimulator
		{F3ADCA9F-2930-4D01-B76E-2B4EB6581A86}.Ad-Hoc|x64.ActiveCfg = Ad-Hoc|iPhone
		{F3ADCA9F-2930-4D01-B76E-2B4EB6581A86}.Ad-Hoc|x86.ActiveCfg = Ad-Hoc|iPhone
		{F3ADCA9F-2930-4D01-B76E-2B4EB6581A86}.AppStore|Any CPU.ActiveCfg = AppStore|iPhone
		{F3ADCA9F-2930-4D01-B76E-2B4EB6581A86}.AppStore|ARM.ActiveCfg = AppStore|iPhone
		{F3ADCA9F-2930-4D01-B76E-2B4EB6581A86}.AppStore|iPhone.ActiveCfg = AppStore|iPhone
		{F3ADCA9F-2930-4D01-B76E-2B4EB6581A86}.AppStore|iPhone.Build.0 = AppStore|iPhone
		{F3ADCA9F-2930-4D01-B76E-2B4EB6581A86}.AppStore|iPhoneSimulator.ActiveCfg = AppStore|iPhoneSimulator
		{F3ADCA9F-2930-4D01-B76E-2B4EB6581A86}.AppStore|iPhoneSimulator.Build.0 = AppStore|iPhoneSimulator
		{F3ADCA9F-2930-4D01-B76E-2B4EB6581A86}.AppStore|x64.ActiveCfg = AppStore|iPhone
		{F3ADCA9F-2930-4D01-B76E-2B4EB6581A86}.AppStore|x86.ActiveCfg = AppStore|iPhone
		{F3ADCA9F-2930-4D01-B76E-2B4EB6581A86}.Debug|Any CPU.ActiveCfg = Debug|iPhone
		{F3ADCA9F-2930-4D01-B76E-2B4EB6581A86}.Debug|ARM.ActiveCfg = Debug|iPhone
		{F3ADCA9F-2930-4D01-B76E-2B4EB6581A86}.Debug|iPhone.ActiveCfg = Debug|iPhone
		{F3ADCA9F-2930-4D01-B76E-2B4EB6581A86}.Debug|iPhoneSimulator.ActiveCfg = Debug|iPhoneSimulator
		{F3ADCA9F-2930-4D01-B76E-2B4EB6581A86}.Debug|iPhoneSimulator.Build.0 = Debug|iPhoneSimulator
		{F3ADCA9F-2930-4D01-B76E-2B4EB6581A86}.Debug|x64.ActiveCfg = Debug|iPhone
		{F3ADCA9F-2930-4D01-B76E-2B4EB6581A86}.Debug|x86.ActiveCfg = Debug|iPhone
		{F3ADCA9F-2930-4D01-B76E-2B4EB6581A86}.Release|Any CPU.ActiveCfg = Release|iPhone
		{F3ADCA9F-2930-4D01-B76E-2B4EB6581A86}.Release|ARM.ActiveCfg = Release|iPhone
		{F3ADCA9F-2930-4D01-B76E-2B4EB6581A86}.Release|iPhone.ActiveCfg = Release|iPhone
		{F3ADCA9F-2930-4D01-B76E-2B4EB6581A86}.Release|iPhone.Build.0 = Release|iPhone
		{F3ADCA9F-2930-4D01-B76E-2B4EB6581A86}.Release|iPhoneSimulator.ActiveCfg = Release|iPhoneSimulator
		{F3ADCA9F-2930-4D01-B76E-2B4EB6581A86}.Release|iPhoneSimulator.Build.0 = Release|iPhoneSimulator
		{F3ADCA9F-2930-4D01-B76E-2B4EB6581A86}.Release|x64.ActiveCfg = Release|iPhone
		{F3ADCA9F-2930-4D01-B76E-2B4EB6581A86}.Release|x86.ActiveCfg = Release|iPhone
		{84340593-B483-4E5E-85FE-CCA06AF851CE}.Ad-Hoc|Any CPU.ActiveCfg = Release|x86
		{84340593-B483-4E5E-85FE-CCA06AF851CE}.Ad-Hoc|Any CPU.Build.0 = Release|x86
		{84340593-B483-4E5E-85FE-CCA06AF851CE}.Ad-Hoc|Any CPU.Deploy.0 = Release|x86
		{84340593-B483-4E5E-85FE-CCA06AF851CE}.Ad-Hoc|ARM.ActiveCfg = Release|ARM
		{84340593-B483-4E5E-85FE-CCA06AF851CE}.Ad-Hoc|ARM.Build.0 = Release|ARM
		{84340593-B483-4E5E-85FE-CCA06AF851CE}.Ad-Hoc|ARM.Deploy.0 = Release|ARM
		{84340593-B483-4E5E-85FE-CCA06AF851CE}.Ad-Hoc|iPhone.ActiveCfg = Release|x86
		{84340593-B483-4E5E-85FE-CCA06AF851CE}.Ad-Hoc|iPhone.Build.0 = Release|x86
		{84340593-B483-4E5E-85FE-CCA06AF851CE}.Ad-Hoc|iPhone.Deploy.0 = Release|x86
		{84340593-B483-4E5E-85FE-CCA06AF851CE}.Ad-Hoc|iPhoneSimulator.ActiveCfg = Release|x86
		{84340593-B483-4E5E-85FE-CCA06AF851CE}.Ad-Hoc|iPhoneSimulator.Build.0 = Release|x86
		{84340593-B483-4E5E-85FE-CCA06AF851CE}.Ad-Hoc|iPhoneSimulator.Deploy.0 = Release|x86
		{84340593-B483-4E5E-85FE-CCA06AF851CE}.Ad-Hoc|x64.ActiveCfg = Release|x64
		{84340593-B483-4E5E-85FE-CCA06AF851CE}.Ad-Hoc|x64.Build.0 = Release|x64
		{84340593-B483-4E5E-85FE-CCA06AF851CE}.Ad-Hoc|x64.Deploy.0 = Release|x64
		{84340593-B483-4E5E-85FE-CCA06AF851CE}.Ad-Hoc|x86.ActiveCfg = Release|x86
		{84340593-B483-4E5E-85FE-CCA06AF851CE}.Ad-Hoc|x86.Build.0 = Release|x86
		{84340593-B483-4E5E-85FE-CCA06AF851CE}.Ad-Hoc|x86.Deploy.0 = Release|x86
		{84340593-B483-4E5E-85FE-CCA06AF851CE}.AppStore|Any CPU.ActiveCfg = Release|x86
		{84340593-B483-4E5E-85FE-CCA06AF851CE}.AppStore|Any CPU.Build.0 = Release|x86
		{84340593-B483-4E5E-85FE-CCA06AF851CE}.AppStore|Any CPU.Deploy.0 = Release|x86
		{84340593-B483-4E5E-85FE-CCA06AF851CE}.AppStore|ARM.ActiveCfg = Release|ARM
		{84340593-B483-4E5E-85FE-CCA06AF851CE}.AppStore|ARM.Build.0 = Release|ARM
		{84340593-B483-4E5E-85FE-CCA06AF851CE}.AppStore|ARM.Deploy.0 = Release|ARM
		{84340593-B483-4E5E-85FE-CCA06AF851CE}.AppStore|iPhone.ActiveCfg = Release|x86
		{84340593-B483-4E5E-85FE-CCA06AF851CE}.AppStore|iPhone.Build.0 = Release|x86
		{84340593-B483-4E5E-85FE-CCA06AF851CE}.AppStore|iPhone.Deploy.0 = Release|x86
		{84340593-B483-4E5E-85FE-CCA06AF851CE}.AppStore|iPhoneSimulator.ActiveCfg = Release|x86
		{84340593-B483-4E5E-85FE-CCA06AF851CE}.AppStore|iPhoneSimulator.Build.0 = Release|x86
		{84340593-B483-4E5E-85FE-CCA06AF851CE}.AppStore|iPhoneSimulator.Deploy.0 = Release|x86
		{84340593-B483-4E5E-85FE-CCA06AF851CE}.AppStore|x64.ActiveCfg = Release|x64
		{84340593-B483-4E5E-85FE-CCA06AF851CE}.AppStore|x64.Build.0 = Release|x64
		{84340593-B483-4E5E-85FE-CCA06AF851CE}.AppStore|x64.Deploy.0 = Release|x64
		{84340593-B483-4E5E-85FE-CCA06AF851CE}.AppStore|x86.ActiveCfg = Release|x86
		{84340593-B483-4E5E-85FE-CCA06AF851CE}.AppStore|x86.Build.0 = Release|x86
		{84340593-B483-4E5E-85FE-CCA06AF851CE}.AppStore|x86.Deploy.0 = Release|x86
		{84340593-B483-4E5E-85FE-CCA06AF851CE}.Debug|Any CPU.ActiveCfg = Debug|x86
		{84340593-B483-4E5E-85FE-CCA06AF851CE}.Debug|ARM.ActiveCfg = Debug|ARM
		{84340593-B483-4E5E-85FE-CCA06AF851CE}.Debug|ARM.Build.0 = Debug|ARM
		{84340593-B483-4E5E-85FE-CCA06AF851CE}.Debug|ARM.Deploy.0 = Debug|ARM
		{84340593-B483-4E5E-85FE-CCA06AF851CE}.Debug|iPhone.ActiveCfg = Debug|x86
		{84340593-B483-4E5E-85FE-CCA06AF851CE}.Debug|iPhoneSimulator.ActiveCfg = Debug|x86
		{84340593-B483-4E5E-85FE-CCA06AF851CE}.Debug|x64.ActiveCfg = Debug|x64
		{84340593-B483-4E5E-85FE-CCA06AF851CE}.Debug|x64.Build.0 = Debug|x64
		{84340593-B483-4E5E-85FE-CCA06AF851CE}.Debug|x64.Deploy.0 = Debug|x64
		{84340593-B483-4E5E-85FE-CCA06AF851CE}.Debug|x86.ActiveCfg = Debug|x86
		{84340593-B483-4E5E-85FE-CCA06AF851CE}.Debug|x86.Build.0 = Debug|x86
		{84340593-B483-4E5E-85FE-CCA06AF851CE}.Debug|x86.Deploy.0 = Debug|x86
		{84340593-B483-4E5E-85FE-CCA06AF851CE}.Release|Any CPU.ActiveCfg = Release|x86
		{84340593-B483-4E5E-85FE-CCA06AF851CE}.Release|Any CPU.Build.0 = Release|x86
		{84340593-B483-4E5E-85FE-CCA06AF851CE}.Release|Any CPU.Deploy.0 = Release|x86
		{84340593-B483-4E5E-85FE-CCA06AF851CE}.Release|ARM.ActiveCfg = Release|ARM
		{84340593-B483-4E5E-85FE-CCA06AF851CE}.Release|ARM.Build.0 = Release|ARM
		{84340593-B483-4E5E-85FE-CCA06AF851CE}.Release|ARM.Deploy.0 = Release|ARM
		{84340593-B483-4E5E-85FE-CCA06AF851CE}.Release|iPhone.ActiveCfg = Release|x86
		{84340593-B483-4E5E-85FE-CCA06AF851CE}.Release|iPhoneSimulator.ActiveCfg = Release|x86
		{84340593-B483-4E5E-85FE-CCA06AF851CE}.Release|x64.ActiveCfg = Release|x64
		{84340593-B483-4E5E-85FE-CCA06AF851CE}.Release|x64.Build.0 = Release|x64
		{84340593-B483-4E5E-85FE-CCA06AF851CE}.Release|x64.Deploy.0 = Release|x64
		{84340593-B483-4E5E-85FE-CCA06AF851CE}.Release|x86.ActiveCfg = Release|x86
		{84340593-B483-4E5E-85FE-CCA06AF851CE}.Release|x86.Build.0 = Release|x86
		{84340593-B483-4E5E-85FE-CCA06AF851CE}.Release|x86.Deploy.0 = Release|x86
		{35819F3F-5519-4967-87B8-2AD5AEEC9874}.Ad-Hoc|Any CPU.ActiveCfg = Debug|Any CPU
		{35819F3F-5519-4967-87B8-2AD5AEEC9874}.Ad-Hoc|Any CPU.Build.0 = Debug|Any CPU
		{35819F3F-5519-4967-87B8-2AD5AEEC9874}.Ad-Hoc|ARM.ActiveCfg = Debug|Any CPU
		{35819F3F-5519-4967-87B8-2AD5AEEC9874}.Ad-Hoc|ARM.Build.0 = Debug|Any CPU
		{35819F3F-5519-4967-87B8-2AD5AEEC9874}.Ad-Hoc|iPhone.ActiveCfg = Debug|Any CPU
		{35819F3F-5519-4967-87B8-2AD5AEEC9874}.Ad-Hoc|iPhone.Build.0 = Debug|Any CPU
		{35819F3F-5519-4967-87B8-2AD5AEEC9874}.Ad-Hoc|iPhoneSimulator.ActiveCfg = Debug|Any CPU
		{35819F3F-5519-4967-87B8-2AD5AEEC9874}.Ad-Hoc|iPhoneSimulator.Build.0 = Debug|Any CPU
		{35819F3F-5519-4967-87B8-2AD5AEEC9874}.Ad-Hoc|x64.ActiveCfg = Debug|Any CPU
		{35819F3F-5519-4967-87B8-2AD5AEEC9874}.Ad-Hoc|x64.Build.0 = Debug|Any CPU
		{35819F3F-5519-4967-87B8-2AD5AEEC9874}.Ad-Hoc|x86.ActiveCfg = Debug|Any CPU
		{35819F3F-5519-4967-87B8-2AD5AEEC9874}.Ad-Hoc|x86.Build.0 = Debug|Any CPU
		{35819F3F-5519-4967-87B8-2AD5AEEC9874}.AppStore|Any CPU.ActiveCfg = Debug|Any CPU
		{35819F3F-5519-4967-87B8-2AD5AEEC9874}.AppStore|Any CPU.Build.0 = Debug|Any CPU
		{35819F3F-5519-4967-87B8-2AD5AEEC9874}.AppStore|ARM.ActiveCfg = Debug|Any CPU
		{35819F3F-5519-4967-87B8-2AD5AEEC9874}.AppStore|ARM.Build.0 = Debug|Any CPU
		{35819F3F-5519-4967-87B8-2AD5AEEC9874}.AppStore|iPhone.ActiveCfg = Debug|Any CPU
		{35819F3F-5519-4967-87B8-2AD5AEEC9874}.AppStore|iPhone.Build.0 = Debug|Any CPU
		{35819F3F-5519-4967-87B8-2AD5AEEC9874}.AppStore|iPhoneSimulator.ActiveCfg = Debug|Any CPU
		{35819F3F-5519-4967-87B8-2AD5AEEC9874}.AppStore|iPhoneSimulator.Build.0 = Debug|Any CPU
		{35819F3F-5519-4967-87B8-2AD5AEEC9874}.AppStore|x64.ActiveCfg = Debug|Any CPU
		{35819F3F-5519-4967-87B8-2AD5AEEC9874}.AppStore|x64.Build.0 = Debug|Any CPU
		{35819F3F-5519-4967-87B8-2AD5AEEC9874}.AppStore|x86.ActiveCfg = Debug|Any CPU
		{35819F3F-5519-4967-87B8-2AD5AEEC9874}.AppStore|x86.Build.0 = Debug|Any CPU
		{35819F3F-5519-4967-87B8-2AD5AEEC9874}.Debug|Any CPU.ActiveCfg = Debug|Any CPU
		{35819F3F-5519-4967-87B8-2AD5AEEC9874}.Debug|Any CPU.Build.0 = Debug|Any CPU
		{35819F3F-5519-4967-87B8-2AD5AEEC9874}.Debug|ARM.ActiveCfg = Debug|Any CPU
		{35819F3F-5519-4967-87B8-2AD5AEEC9874}.Debug|ARM.Build.0 = Debug|Any CPU
		{35819F3F-5519-4967-87B8-2AD5AEEC9874}.Debug|iPhone.ActiveCfg = Debug|Any CPU
		{35819F3F-5519-4967-87B8-2AD5AEEC9874}.Debug|iPhoneSimulator.ActiveCfg = Debug|Any CPU
		{35819F3F-5519-4967-87B8-2AD5AEEC9874}.Debug|iPhoneSimulator.Build.0 = Debug|Any CPU
		{35819F3F-5519-4967-87B8-2AD5AEEC9874}.Debug|x64.ActiveCfg = Debug|Any CPU
		{35819F3F-5519-4967-87B8-2AD5AEEC9874}.Debug|x64.Build.0 = Debug|Any CPU
		{35819F3F-5519-4967-87B8-2AD5AEEC9874}.Debug|x86.ActiveCfg = Debug|Any CPU
		{35819F3F-5519-4967-87B8-2AD5AEEC9874}.Debug|x86.Build.0 = Debug|Any CPU
		{35819F3F-5519-4967-87B8-2AD5AEEC9874}.Release|Any CPU.ActiveCfg = Release|Any CPU
		{35819F3F-5519-4967-87B8-2AD5AEEC9874}.Release|Any CPU.Build.0 = Release|Any CPU
		{35819F3F-5519-4967-87B8-2AD5AEEC9874}.Release|ARM.ActiveCfg = Release|Any CPU
		{35819F3F-5519-4967-87B8-2AD5AEEC9874}.Release|ARM.Build.0 = Release|Any CPU
		{35819F3F-5519-4967-87B8-2AD5AEEC9874}.Release|iPhone.ActiveCfg = Release|Any CPU
		{35819F3F-5519-4967-87B8-2AD5AEEC9874}.Release|iPhone.Build.0 = Release|Any CPU
		{35819F3F-5519-4967-87B8-2AD5AEEC9874}.Release|iPhoneSimulator.ActiveCfg = Release|Any CPU
		{35819F3F-5519-4967-87B8-2AD5AEEC9874}.Release|iPhoneSimulator.Build.0 = Release|Any CPU
		{35819F3F-5519-4967-87B8-2AD5AEEC9874}.Release|x64.ActiveCfg = Release|Any CPU
		{35819F3F-5519-4967-87B8-2AD5AEEC9874}.Release|x64.Build.0 = Release|Any CPU
		{35819F3F-5519-4967-87B8-2AD5AEEC9874}.Release|x86.ActiveCfg = Release|Any CPU
		{35819F3F-5519-4967-87B8-2AD5AEEC9874}.Release|x86.Build.0 = Release|Any CPU
		{9DAC628D-B483-40F9-BC7B-1936D9DD59EF}.Ad-Hoc|Any CPU.ActiveCfg = Release|Any CPU
		{9DAC628D-B483-40F9-BC7B-1936D9DD59EF}.Ad-Hoc|Any CPU.Build.0 = Release|Any CPU
		{9DAC628D-B483-40F9-BC7B-1936D9DD59EF}.Ad-Hoc|ARM.ActiveCfg = Release|Any CPU
		{9DAC628D-B483-40F9-BC7B-1936D9DD59EF}.Ad-Hoc|ARM.Build.0 = Release|Any CPU
		{9DAC628D-B483-40F9-BC7B-1936D9DD59EF}.Ad-Hoc|iPhone.ActiveCfg = Release|Any CPU
		{9DAC628D-B483-40F9-BC7B-1936D9DD59EF}.Ad-Hoc|iPhone.Build.0 = Release|Any CPU
		{9DAC628D-B483-40F9-BC7B-1936D9DD59EF}.Ad-Hoc|iPhoneSimulator.ActiveCfg = Release|Any CPU
		{9DAC628D-B483-40F9-BC7B-1936D9DD59EF}.Ad-Hoc|iPhoneSimulator.Build.0 = Release|Any CPU
		{9DAC628D-B483-40F9-BC7B-1936D9DD59EF}.Ad-Hoc|x64.ActiveCfg = Release|Any CPU
		{9DAC628D-B483-40F9-BC7B-1936D9DD59EF}.Ad-Hoc|x64.Build.0 = Release|Any CPU
		{9DAC628D-B483-40F9-BC7B-1936D9DD59EF}.Ad-Hoc|x86.ActiveCfg = Release|Any CPU
		{9DAC628D-B483-40F9-BC7B-1936D9DD59EF}.Ad-Hoc|x86.Build.0 = Release|Any CPU
		{9DAC628D-B483-40F9-BC7B-1936D9DD59EF}.AppStore|Any CPU.ActiveCfg = Release|Any CPU
		{9DAC628D-B483-40F9-BC7B-1936D9DD59EF}.AppStore|Any CPU.Build.0 = Release|Any CPU
		{9DAC628D-B483-40F9-BC7B-1936D9DD59EF}.AppStore|ARM.ActiveCfg = Release|Any CPU
		{9DAC628D-B483-40F9-BC7B-1936D9DD59EF}.AppStore|ARM.Build.0 = Release|Any CPU
		{9DAC628D-B483-40F9-BC7B-1936D9DD59EF}.AppStore|iPhone.ActiveCfg = Release|Any CPU
		{9DAC628D-B483-40F9-BC7B-1936D9DD59EF}.AppStore|iPhone.Build.0 = Release|Any CPU
		{9DAC628D-B483-40F9-BC7B-1936D9DD59EF}.AppStore|iPhoneSimulator.ActiveCfg = Release|Any CPU
		{9DAC628D-B483-40F9-BC7B-1936D9DD59EF}.AppStore|iPhoneSimulator.Build.0 = Release|Any CPU
		{9DAC628D-B483-40F9-BC7B-1936D9DD59EF}.AppStore|x64.ActiveCfg = Release|Any CPU
		{9DAC628D-B483-40F9-BC7B-1936D9DD59EF}.AppStore|x64.Build.0 = Release|Any CPU
		{9DAC628D-B483-40F9-BC7B-1936D9DD59EF}.AppStore|x86.ActiveCfg = Release|Any CPU
		{9DAC628D-B483-40F9-BC7B-1936D9DD59EF}.AppStore|x86.Build.0 = Release|Any CPU
		{9DAC628D-B483-40F9-BC7B-1936D9DD59EF}.Debug|Any CPU.ActiveCfg = Debug|Any CPU
		{9DAC628D-B483-40F9-BC7B-1936D9DD59EF}.Debug|ARM.ActiveCfg = Debug|Any CPU
		{9DAC628D-B483-40F9-BC7B-1936D9DD59EF}.Debug|ARM.Build.0 = Debug|Any CPU
		{9DAC628D-B483-40F9-BC7B-1936D9DD59EF}.Debug|iPhone.ActiveCfg = Debug|Any CPU
		{9DAC628D-B483-40F9-BC7B-1936D9DD59EF}.Debug|iPhoneSimulator.ActiveCfg = Debug|Any CPU
		{9DAC628D-B483-40F9-BC7B-1936D9DD59EF}.Debug|iPhoneSimulator.Build.0 = Debug|Any CPU
		{9DAC628D-B483-40F9-BC7B-1936D9DD59EF}.Debug|x64.ActiveCfg = Debug|Any CPU
		{9DAC628D-B483-40F9-BC7B-1936D9DD59EF}.Debug|x64.Build.0 = Debug|Any CPU
		{9DAC628D-B483-40F9-BC7B-1936D9DD59EF}.Debug|x86.ActiveCfg = Debug|Any CPU
		{9DAC628D-B483-40F9-BC7B-1936D9DD59EF}.Debug|x86.Build.0 = Debug|Any CPU
		{9DAC628D-B483-40F9-BC7B-1936D9DD59EF}.Release|Any CPU.ActiveCfg = Release|Any CPU
		{9DAC628D-B483-40F9-BC7B-1936D9DD59EF}.Release|Any CPU.Build.0 = Release|Any CPU
		{9DAC628D-B483-40F9-BC7B-1936D9DD59EF}.Release|ARM.ActiveCfg = Release|Any CPU
		{9DAC628D-B483-40F9-BC7B-1936D9DD59EF}.Release|ARM.Build.0 = Release|Any CPU
		{9DAC628D-B483-40F9-BC7B-1936D9DD59EF}.Release|iPhone.ActiveCfg = Release|Any CPU
		{9DAC628D-B483-40F9-BC7B-1936D9DD59EF}.Release|iPhone.Build.0 = Release|Any CPU
		{9DAC628D-B483-40F9-BC7B-1936D9DD59EF}.Release|iPhoneSimulator.ActiveCfg = Release|Any CPU
		{9DAC628D-B483-40F9-BC7B-1936D9DD59EF}.Release|iPhoneSimulator.Build.0 = Release|Any CPU
		{9DAC628D-B483-40F9-BC7B-1936D9DD59EF}.Release|x64.ActiveCfg = Release|Any CPU
		{9DAC628D-B483-40F9-BC7B-1936D9DD59EF}.Release|x64.Build.0 = Release|Any CPU
		{9DAC628D-B483-40F9-BC7B-1936D9DD59EF}.Release|x86.ActiveCfg = Release|Any CPU
		{9DAC628D-B483-40F9-BC7B-1936D9DD59EF}.Release|x86.Build.0 = Release|Any CPU
		{997BEC8D-83F9-4360-A480-3D2C614257C6}.Ad-Hoc|Any CPU.ActiveCfg = Release|Any CPU
		{997BEC8D-83F9-4360-A480-3D2C614257C6}.Ad-Hoc|Any CPU.Build.0 = Release|Any CPU
		{997BEC8D-83F9-4360-A480-3D2C614257C6}.Ad-Hoc|ARM.ActiveCfg = Release|Any CPU
		{997BEC8D-83F9-4360-A480-3D2C614257C6}.Ad-Hoc|ARM.Build.0 = Release|Any CPU
		{997BEC8D-83F9-4360-A480-3D2C614257C6}.Ad-Hoc|iPhone.ActiveCfg = Release|Any CPU
		{997BEC8D-83F9-4360-A480-3D2C614257C6}.Ad-Hoc|iPhone.Build.0 = Release|Any CPU
		{997BEC8D-83F9-4360-A480-3D2C614257C6}.Ad-Hoc|iPhoneSimulator.ActiveCfg = Release|Any CPU
		{997BEC8D-83F9-4360-A480-3D2C614257C6}.Ad-Hoc|iPhoneSimulator.Build.0 = Release|Any CPU
		{997BEC8D-83F9-4360-A480-3D2C614257C6}.Ad-Hoc|x64.ActiveCfg = Release|Any CPU
		{997BEC8D-83F9-4360-A480-3D2C614257C6}.Ad-Hoc|x64.Build.0 = Release|Any CPU
		{997BEC8D-83F9-4360-A480-3D2C614257C6}.Ad-Hoc|x86.ActiveCfg = Release|Any CPU
		{997BEC8D-83F9-4360-A480-3D2C614257C6}.Ad-Hoc|x86.Build.0 = Release|Any CPU
		{997BEC8D-83F9-4360-A480-3D2C614257C6}.AppStore|Any CPU.ActiveCfg = Release|Any CPU
		{997BEC8D-83F9-4360-A480-3D2C614257C6}.AppStore|Any CPU.Build.0 = Release|Any CPU
		{997BEC8D-83F9-4360-A480-3D2C614257C6}.AppStore|ARM.ActiveCfg = Release|Any CPU
		{997BEC8D-83F9-4360-A480-3D2C614257C6}.AppStore|ARM.Build.0 = Release|Any CPU
		{997BEC8D-83F9-4360-A480-3D2C614257C6}.AppStore|iPhone.ActiveCfg = Release|Any CPU
		{997BEC8D-83F9-4360-A480-3D2C614257C6}.AppStore|iPhone.Build.0 = Release|Any CPU
		{997BEC8D-83F9-4360-A480-3D2C614257C6}.AppStore|iPhoneSimulator.ActiveCfg = Release|Any CPU
		{997BEC8D-83F9-4360-A480-3D2C614257C6}.AppStore|iPhoneSimulator.Build.0 = Release|Any CPU
		{997BEC8D-83F9-4360-A480-3D2C614257C6}.AppStore|x64.ActiveCfg = Release|Any CPU
		{997BEC8D-83F9-4360-A480-3D2C614257C6}.AppStore|x64.Build.0 = Release|Any CPU
		{997BEC8D-83F9-4360-A480-3D2C614257C6}.AppStore|x86.ActiveCfg = Release|Any CPU
		{997BEC8D-83F9-4360-A480-3D2C614257C6}.AppStore|x86.Build.0 = Release|Any CPU
		{997BEC8D-83F9-4360-A480-3D2C614257C6}.Debug|Any CPU.ActiveCfg = Debug|Any CPU
		{997BEC8D-83F9-4360-A480-3D2C614257C6}.Debug|Any CPU.Build.0 = Debug|Any CPU
		{997BEC8D-83F9-4360-A480-3D2C614257C6}.Debug|ARM.ActiveCfg = Debug|Any CPU
		{997BEC8D-83F9-4360-A480-3D2C614257C6}.Debug|ARM.Build.0 = Debug|Any CPU
		{997BEC8D-83F9-4360-A480-3D2C614257C6}.Debug|iPhone.ActiveCfg = Debug|Any CPU
		{997BEC8D-83F9-4360-A480-3D2C614257C6}.Debug|iPhoneSimulator.ActiveCfg = Debug|Any CPU
		{997BEC8D-83F9-4360-A480-3D2C614257C6}.Debug|iPhoneSimulator.Build.0 = Debug|Any CPU
		{997BEC8D-83F9-4360-A480-3D2C614257C6}.Debug|x64.ActiveCfg = Debug|Any CPU
		{997BEC8D-83F9-4360-A480-3D2C614257C6}.Debug|x64.Build.0 = Debug|Any CPU
		{997BEC8D-83F9-4360-A480-3D2C614257C6}.Debug|x86.ActiveCfg = Debug|Any CPU
		{997BEC8D-83F9-4360-A480-3D2C614257C6}.Debug|x86.Build.0 = Debug|Any CPU
		{997BEC8D-83F9-4360-A480-3D2C614257C6}.Release|Any CPU.ActiveCfg = Release|Any CPU
		{997BEC8D-83F9-4360-A480-3D2C614257C6}.Release|Any CPU.Build.0 = Release|Any CPU
		{997BEC8D-83F9-4360-A480-3D2C614257C6}.Release|ARM.ActiveCfg = Release|Any CPU
		{997BEC8D-83F9-4360-A480-3D2C614257C6}.Release|ARM.Build.0 = Release|Any CPU
		{997BEC8D-83F9-4360-A480-3D2C614257C6}.Release|iPhone.ActiveCfg = Release|Any CPU
		{997BEC8D-83F9-4360-A480-3D2C614257C6}.Release|iPhone.Build.0 = Release|Any CPU
		{997BEC8D-83F9-4360-A480-3D2C614257C6}.Release|iPhoneSimulator.ActiveCfg = Release|Any CPU
		{997BEC8D-83F9-4360-A480-3D2C614257C6}.Release|iPhoneSimulator.Build.0 = Release|Any CPU
		{997BEC8D-83F9-4360-A480-3D2C614257C6}.Release|x64.ActiveCfg = Release|Any CPU
		{997BEC8D-83F9-4360-A480-3D2C614257C6}.Release|x64.Build.0 = Release|Any CPU
		{997BEC8D-83F9-4360-A480-3D2C614257C6}.Release|x86.ActiveCfg = Release|Any CPU
		{997BEC8D-83F9-4360-A480-3D2C614257C6}.Release|x86.Build.0 = Release|Any CPU
		{5F862E32-F042-464B-9A3D-DE455BA2A0D3}.Ad-Hoc|Any CPU.ActiveCfg = Release|Any CPU
		{5F862E32-F042-464B-9A3D-DE455BA2A0D3}.Ad-Hoc|Any CPU.Build.0 = Release|Any CPU
		{5F862E32-F042-464B-9A3D-DE455BA2A0D3}.Ad-Hoc|Any CPU.Deploy.0 = Release|Any CPU
		{5F862E32-F042-464B-9A3D-DE455BA2A0D3}.Ad-Hoc|ARM.ActiveCfg = Release|Any CPU
		{5F862E32-F042-464B-9A3D-DE455BA2A0D3}.Ad-Hoc|ARM.Build.0 = Release|Any CPU
		{5F862E32-F042-464B-9A3D-DE455BA2A0D3}.Ad-Hoc|ARM.Deploy.0 = Release|Any CPU
		{5F862E32-F042-464B-9A3D-DE455BA2A0D3}.Ad-Hoc|iPhone.ActiveCfg = Release|Any CPU
		{5F862E32-F042-464B-9A3D-DE455BA2A0D3}.Ad-Hoc|iPhone.Build.0 = Release|Any CPU
		{5F862E32-F042-464B-9A3D-DE455BA2A0D3}.Ad-Hoc|iPhone.Deploy.0 = Release|Any CPU
		{5F862E32-F042-464B-9A3D-DE455BA2A0D3}.Ad-Hoc|iPhoneSimulator.ActiveCfg = Release|Any CPU
		{5F862E32-F042-464B-9A3D-DE455BA2A0D3}.Ad-Hoc|iPhoneSimulator.Build.0 = Release|Any CPU
		{5F862E32-F042-464B-9A3D-DE455BA2A0D3}.Ad-Hoc|iPhoneSimulator.Deploy.0 = Release|Any CPU
		{5F862E32-F042-464B-9A3D-DE455BA2A0D3}.Ad-Hoc|x64.ActiveCfg = Release|Any CPU
		{5F862E32-F042-464B-9A3D-DE455BA2A0D3}.Ad-Hoc|x64.Build.0 = Release|Any CPU
		{5F862E32-F042-464B-9A3D-DE455BA2A0D3}.Ad-Hoc|x64.Deploy.0 = Release|Any CPU
		{5F862E32-F042-464B-9A3D-DE455BA2A0D3}.Ad-Hoc|x86.ActiveCfg = Release|Any CPU
		{5F862E32-F042-464B-9A3D-DE455BA2A0D3}.Ad-Hoc|x86.Build.0 = Release|Any CPU
		{5F862E32-F042-464B-9A3D-DE455BA2A0D3}.Ad-Hoc|x86.Deploy.0 = Release|Any CPU
		{5F862E32-F042-464B-9A3D-DE455BA2A0D3}.AppStore|Any CPU.ActiveCfg = Release|Any CPU
		{5F862E32-F042-464B-9A3D-DE455BA2A0D3}.AppStore|Any CPU.Build.0 = Release|Any CPU
		{5F862E32-F042-464B-9A3D-DE455BA2A0D3}.AppStore|Any CPU.Deploy.0 = Release|Any CPU
		{5F862E32-F042-464B-9A3D-DE455BA2A0D3}.AppStore|ARM.ActiveCfg = Release|Any CPU
		{5F862E32-F042-464B-9A3D-DE455BA2A0D3}.AppStore|ARM.Build.0 = Release|Any CPU
		{5F862E32-F042-464B-9A3D-DE455BA2A0D3}.AppStore|ARM.Deploy.0 = Release|Any CPU
		{5F862E32-F042-464B-9A3D-DE455BA2A0D3}.AppStore|iPhone.ActiveCfg = Release|Any CPU
		{5F862E32-F042-464B-9A3D-DE455BA2A0D3}.AppStore|iPhone.Build.0 = Release|Any CPU
		{5F862E32-F042-464B-9A3D-DE455BA2A0D3}.AppStore|iPhone.Deploy.0 = Release|Any CPU
		{5F862E32-F042-464B-9A3D-DE455BA2A0D3}.AppStore|iPhoneSimulator.ActiveCfg = Release|Any CPU
		{5F862E32-F042-464B-9A3D-DE455BA2A0D3}.AppStore|iPhoneSimulator.Build.0 = Release|Any CPU
		{5F862E32-F042-464B-9A3D-DE455BA2A0D3}.AppStore|iPhoneSimulator.Deploy.0 = Release|Any CPU
		{5F862E32-F042-464B-9A3D-DE455BA2A0D3}.AppStore|x64.ActiveCfg = Release|Any CPU
		{5F862E32-F042-464B-9A3D-DE455BA2A0D3}.AppStore|x64.Build.0 = Release|Any CPU
		{5F862E32-F042-464B-9A3D-DE455BA2A0D3}.AppStore|x64.Deploy.0 = Release|Any CPU
		{5F862E32-F042-464B-9A3D-DE455BA2A0D3}.AppStore|x86.ActiveCfg = Release|Any CPU
		{5F862E32-F042-464B-9A3D-DE455BA2A0D3}.AppStore|x86.Build.0 = Release|Any CPU
		{5F862E32-F042-464B-9A3D-DE455BA2A0D3}.AppStore|x86.Deploy.0 = Release|Any CPU
		{5F862E32-F042-464B-9A3D-DE455BA2A0D3}.Debug|Any CPU.ActiveCfg = Debug|Any CPU
		{5F862E32-F042-464B-9A3D-DE455BA2A0D3}.Debug|ARM.ActiveCfg = Debug|Any CPU
		{5F862E32-F042-464B-9A3D-DE455BA2A0D3}.Debug|ARM.Build.0 = Debug|Any CPU
		{5F862E32-F042-464B-9A3D-DE455BA2A0D3}.Debug|ARM.Deploy.0 = Debug|Any CPU
		{5F862E32-F042-464B-9A3D-DE455BA2A0D3}.Debug|iPhone.ActiveCfg = Debug|Any CPU
		{5F862E32-F042-464B-9A3D-DE455BA2A0D3}.Debug|iPhone.Build.0 = Debug|Any CPU
		{5F862E32-F042-464B-9A3D-DE455BA2A0D3}.Debug|iPhone.Deploy.0 = Debug|Any CPU
		{5F862E32-F042-464B-9A3D-DE455BA2A0D3}.Debug|iPhoneSimulator.ActiveCfg = Debug|Any CPU
		{5F862E32-F042-464B-9A3D-DE455BA2A0D3}.Debug|iPhoneSimulator.Build.0 = Debug|Any CPU
		{5F862E32-F042-464B-9A3D-DE455BA2A0D3}.Debug|iPhoneSimulator.Deploy.0 = Debug|Any CPU
		{5F862E32-F042-464B-9A3D-DE455BA2A0D3}.Debug|x64.ActiveCfg = Debug|Any CPU
		{5F862E32-F042-464B-9A3D-DE455BA2A0D3}.Debug|x64.Build.0 = Debug|Any CPU
		{5F862E32-F042-464B-9A3D-DE455BA2A0D3}.Debug|x64.Deploy.0 = Debug|Any CPU
		{5F862E32-F042-464B-9A3D-DE455BA2A0D3}.Debug|x86.ActiveCfg = Debug|Any CPU
		{5F862E32-F042-464B-9A3D-DE455BA2A0D3}.Debug|x86.Build.0 = Debug|Any CPU
		{5F862E32-F042-464B-9A3D-DE455BA2A0D3}.Debug|x86.Deploy.0 = Debug|Any CPU
		{5F862E32-F042-464B-9A3D-DE455BA2A0D3}.Release|Any CPU.ActiveCfg = Release|Any CPU
		{5F862E32-F042-464B-9A3D-DE455BA2A0D3}.Release|Any CPU.Build.0 = Release|Any CPU
		{5F862E32-F042-464B-9A3D-DE455BA2A0D3}.Release|Any CPU.Deploy.0 = Release|Any CPU
		{5F862E32-F042-464B-9A3D-DE455BA2A0D3}.Release|ARM.ActiveCfg = Release|Any CPU
		{5F862E32-F042-464B-9A3D-DE455BA2A0D3}.Release|ARM.Build.0 = Release|Any CPU
		{5F862E32-F042-464B-9A3D-DE455BA2A0D3}.Release|ARM.Deploy.0 = Release|Any CPU
		{5F862E32-F042-464B-9A3D-DE455BA2A0D3}.Release|iPhone.ActiveCfg = Release|Any CPU
		{5F862E32-F042-464B-9A3D-DE455BA2A0D3}.Release|iPhone.Build.0 = Release|Any CPU
		{5F862E32-F042-464B-9A3D-DE455BA2A0D3}.Release|iPhone.Deploy.0 = Release|Any CPU
		{5F862E32-F042-464B-9A3D-DE455BA2A0D3}.Release|iPhoneSimulator.ActiveCfg = Release|Any CPU
		{5F862E32-F042-464B-9A3D-DE455BA2A0D3}.Release|iPhoneSimulator.Build.0 = Release|Any CPU
		{5F862E32-F042-464B-9A3D-DE455BA2A0D3}.Release|iPhoneSimulator.Deploy.0 = Release|Any CPU
		{5F862E32-F042-464B-9A3D-DE455BA2A0D3}.Release|x64.ActiveCfg = Release|Any CPU
		{5F862E32-F042-464B-9A3D-DE455BA2A0D3}.Release|x64.Build.0 = Release|Any CPU
		{5F862E32-F042-464B-9A3D-DE455BA2A0D3}.Release|x64.Deploy.0 = Release|Any CPU
		{5F862E32-F042-464B-9A3D-DE455BA2A0D3}.Release|x86.ActiveCfg = Release|Any CPU
		{5F862E32-F042-464B-9A3D-DE455BA2A0D3}.Release|x86.Build.0 = Release|Any CPU
		{5F862E32-F042-464B-9A3D-DE455BA2A0D3}.Release|x86.Deploy.0 = Release|Any CPU
		{1281D93D-56FB-42BE-8A85-FBFEF81A0A14}.Ad-Hoc|Any CPU.ActiveCfg = Ad-Hoc|iPhone
		{1281D93D-56FB-42BE-8A85-FBFEF81A0A14}.Ad-Hoc|ARM.ActiveCfg = Ad-Hoc|iPhone
		{1281D93D-56FB-42BE-8A85-FBFEF81A0A14}.Ad-Hoc|iPhone.ActiveCfg = Ad-Hoc|iPhone
		{1281D93D-56FB-42BE-8A85-FBFEF81A0A14}.Ad-Hoc|iPhone.Build.0 = Ad-Hoc|iPhone
		{1281D93D-56FB-42BE-8A85-FBFEF81A0A14}.Ad-Hoc|iPhoneSimulator.ActiveCfg = Ad-Hoc|iPhoneSimulator
		{1281D93D-56FB-42BE-8A85-FBFEF81A0A14}.Ad-Hoc|iPhoneSimulator.Build.0 = Ad-Hoc|iPhoneSimulator
		{1281D93D-56FB-42BE-8A85-FBFEF81A0A14}.Ad-Hoc|x64.ActiveCfg = Ad-Hoc|iPhone
		{1281D93D-56FB-42BE-8A85-FBFEF81A0A14}.Ad-Hoc|x86.ActiveCfg = Ad-Hoc|iPhone
		{1281D93D-56FB-42BE-8A85-FBFEF81A0A14}.AppStore|Any CPU.ActiveCfg = AppStore|iPhone
		{1281D93D-56FB-42BE-8A85-FBFEF81A0A14}.AppStore|ARM.ActiveCfg = AppStore|iPhone
		{1281D93D-56FB-42BE-8A85-FBFEF81A0A14}.AppStore|iPhone.ActiveCfg = AppStore|iPhone
		{1281D93D-56FB-42BE-8A85-FBFEF81A0A14}.AppStore|iPhone.Build.0 = AppStore|iPhone
		{1281D93D-56FB-42BE-8A85-FBFEF81A0A14}.AppStore|iPhoneSimulator.ActiveCfg = AppStore|iPhoneSimulator
		{1281D93D-56FB-42BE-8A85-FBFEF81A0A14}.AppStore|iPhoneSimulator.Build.0 = AppStore|iPhoneSimulator
		{1281D93D-56FB-42BE-8A85-FBFEF81A0A14}.AppStore|x64.ActiveCfg = AppStore|iPhone
		{1281D93D-56FB-42BE-8A85-FBFEF81A0A14}.AppStore|x86.ActiveCfg = AppStore|iPhone
		{1281D93D-56FB-42BE-8A85-FBFEF81A0A14}.Debug|Any CPU.ActiveCfg = Debug|iPhone
		{1281D93D-56FB-42BE-8A85-FBFEF81A0A14}.Debug|ARM.ActiveCfg = Debug|iPhone
		{1281D93D-56FB-42BE-8A85-FBFEF81A0A14}.Debug|iPhone.ActiveCfg = Debug|iPhone
		{1281D93D-56FB-42BE-8A85-FBFEF81A0A14}.Debug|iPhone.Build.0 = Debug|iPhone
		{1281D93D-56FB-42BE-8A85-FBFEF81A0A14}.Debug|iPhoneSimulator.ActiveCfg = Debug|iPhoneSimulator
		{1281D93D-56FB-42BE-8A85-FBFEF81A0A14}.Debug|iPhoneSimulator.Build.0 = Debug|iPhoneSimulator
		{1281D93D-56FB-42BE-8A85-FBFEF81A0A14}.Debug|x64.ActiveCfg = Debug|iPhone
		{1281D93D-56FB-42BE-8A85-FBFEF81A0A14}.Debug|x86.ActiveCfg = Debug|iPhone
		{1281D93D-56FB-42BE-8A85-FBFEF81A0A14}.Release|Any CPU.ActiveCfg = Release|iPhone
		{1281D93D-56FB-42BE-8A85-FBFEF81A0A14}.Release|ARM.ActiveCfg = Release|iPhone
		{1281D93D-56FB-42BE-8A85-FBFEF81A0A14}.Release|iPhone.ActiveCfg = Release|iPhone
		{1281D93D-56FB-42BE-8A85-FBFEF81A0A14}.Release|iPhone.Build.0 = Release|iPhone
		{1281D93D-56FB-42BE-8A85-FBFEF81A0A14}.Release|iPhoneSimulator.ActiveCfg = Release|iPhoneSimulator
		{1281D93D-56FB-42BE-8A85-FBFEF81A0A14}.Release|iPhoneSimulator.Build.0 = Release|iPhoneSimulator
		{1281D93D-56FB-42BE-8A85-FBFEF81A0A14}.Release|x64.ActiveCfg = Release|iPhone
		{1281D93D-56FB-42BE-8A85-FBFEF81A0A14}.Release|x86.ActiveCfg = Release|iPhone
		{95EE4C5F-FDA6-470E-A73F-10D61188252F}.Ad-Hoc|Any CPU.ActiveCfg = Release|x86
		{95EE4C5F-FDA6-470E-A73F-10D61188252F}.Ad-Hoc|Any CPU.Build.0 = Release|x86
		{95EE4C5F-FDA6-470E-A73F-10D61188252F}.Ad-Hoc|Any CPU.Deploy.0 = Release|x86
		{95EE4C5F-FDA6-470E-A73F-10D61188252F}.Ad-Hoc|ARM.ActiveCfg = Release|ARM
		{95EE4C5F-FDA6-470E-A73F-10D61188252F}.Ad-Hoc|ARM.Build.0 = Release|ARM
		{95EE4C5F-FDA6-470E-A73F-10D61188252F}.Ad-Hoc|ARM.Deploy.0 = Release|ARM
		{95EE4C5F-FDA6-470E-A73F-10D61188252F}.Ad-Hoc|iPhone.ActiveCfg = Release|x86
		{95EE4C5F-FDA6-470E-A73F-10D61188252F}.Ad-Hoc|iPhone.Build.0 = Release|x86
		{95EE4C5F-FDA6-470E-A73F-10D61188252F}.Ad-Hoc|iPhone.Deploy.0 = Release|x86
		{95EE4C5F-FDA6-470E-A73F-10D61188252F}.Ad-Hoc|iPhoneSimulator.ActiveCfg = Release|x86
		{95EE4C5F-FDA6-470E-A73F-10D61188252F}.Ad-Hoc|iPhoneSimulator.Build.0 = Release|x86
		{95EE4C5F-FDA6-470E-A73F-10D61188252F}.Ad-Hoc|iPhoneSimulator.Deploy.0 = Release|x86
		{95EE4C5F-FDA6-470E-A73F-10D61188252F}.Ad-Hoc|x64.ActiveCfg = Release|x64
		{95EE4C5F-FDA6-470E-A73F-10D61188252F}.Ad-Hoc|x64.Build.0 = Release|x64
		{95EE4C5F-FDA6-470E-A73F-10D61188252F}.Ad-Hoc|x64.Deploy.0 = Release|x64
		{95EE4C5F-FDA6-470E-A73F-10D61188252F}.Ad-Hoc|x86.ActiveCfg = Release|x86
		{95EE4C5F-FDA6-470E-A73F-10D61188252F}.Ad-Hoc|x86.Build.0 = Release|x86
		{95EE4C5F-FDA6-470E-A73F-10D61188252F}.Ad-Hoc|x86.Deploy.0 = Release|x86
		{95EE4C5F-FDA6-470E-A73F-10D61188252F}.AppStore|Any CPU.ActiveCfg = Release|x86
		{95EE4C5F-FDA6-470E-A73F-10D61188252F}.AppStore|Any CPU.Build.0 = Release|x86
		{95EE4C5F-FDA6-470E-A73F-10D61188252F}.AppStore|Any CPU.Deploy.0 = Release|x86
		{95EE4C5F-FDA6-470E-A73F-10D61188252F}.AppStore|ARM.ActiveCfg = Release|ARM
		{95EE4C5F-FDA6-470E-A73F-10D61188252F}.AppStore|ARM.Build.0 = Release|ARM
		{95EE4C5F-FDA6-470E-A73F-10D61188252F}.AppStore|ARM.Deploy.0 = Release|ARM
		{95EE4C5F-FDA6-470E-A73F-10D61188252F}.AppStore|iPhone.ActiveCfg = Release|x86
		{95EE4C5F-FDA6-470E-A73F-10D61188252F}.AppStore|iPhone.Build.0 = Release|x86
		{95EE4C5F-FDA6-470E-A73F-10D61188252F}.AppStore|iPhone.Deploy.0 = Release|x86
		{95EE4C5F-FDA6-470E-A73F-10D61188252F}.AppStore|iPhoneSimulator.ActiveCfg = Release|x86
		{95EE4C5F-FDA6-470E-A73F-10D61188252F}.AppStore|iPhoneSimulator.Build.0 = Release|x86
		{95EE4C5F-FDA6-470E-A73F-10D61188252F}.AppStore|iPhoneSimulator.Deploy.0 = Release|x86
		{95EE4C5F-FDA6-470E-A73F-10D61188252F}.AppStore|x64.ActiveCfg = Release|x64
		{95EE4C5F-FDA6-470E-A73F-10D61188252F}.AppStore|x64.Build.0 = Release|x64
		{95EE4C5F-FDA6-470E-A73F-10D61188252F}.AppStore|x64.Deploy.0 = Release|x64
		{95EE4C5F-FDA6-470E-A73F-10D61188252F}.AppStore|x86.ActiveCfg = Release|x86
		{95EE4C5F-FDA6-470E-A73F-10D61188252F}.AppStore|x86.Build.0 = Release|x86
		{95EE4C5F-FDA6-470E-A73F-10D61188252F}.AppStore|x86.Deploy.0 = Release|x86
		{95EE4C5F-FDA6-470E-A73F-10D61188252F}.Debug|Any CPU.ActiveCfg = Debug|x86
		{95EE4C5F-FDA6-470E-A73F-10D61188252F}.Debug|ARM.ActiveCfg = Debug|ARM
		{95EE4C5F-FDA6-470E-A73F-10D61188252F}.Debug|ARM.Build.0 = Debug|ARM
		{95EE4C5F-FDA6-470E-A73F-10D61188252F}.Debug|ARM.Deploy.0 = Debug|ARM
		{95EE4C5F-FDA6-470E-A73F-10D61188252F}.Debug|iPhone.ActiveCfg = Debug|x86
		{95EE4C5F-FDA6-470E-A73F-10D61188252F}.Debug|iPhone.Build.0 = Debug|x86
		{95EE4C5F-FDA6-470E-A73F-10D61188252F}.Debug|iPhone.Deploy.0 = Debug|x86
		{95EE4C5F-FDA6-470E-A73F-10D61188252F}.Debug|iPhoneSimulator.ActiveCfg = Debug|x86
		{95EE4C5F-FDA6-470E-A73F-10D61188252F}.Debug|x64.ActiveCfg = Debug|x64
		{95EE4C5F-FDA6-470E-A73F-10D61188252F}.Debug|x64.Build.0 = Debug|x64
		{95EE4C5F-FDA6-470E-A73F-10D61188252F}.Debug|x64.Deploy.0 = Debug|x64
		{95EE4C5F-FDA6-470E-A73F-10D61188252F}.Debug|x86.ActiveCfg = Debug|x86
		{95EE4C5F-FDA6-470E-A73F-10D61188252F}.Debug|x86.Build.0 = Debug|x86
		{95EE4C5F-FDA6-470E-A73F-10D61188252F}.Debug|x86.Deploy.0 = Debug|x86
		{95EE4C5F-FDA6-470E-A73F-10D61188252F}.Release|Any CPU.ActiveCfg = Release|x86
		{95EE4C5F-FDA6-470E-A73F-10D61188252F}.Release|ARM.ActiveCfg = Release|ARM
		{95EE4C5F-FDA6-470E-A73F-10D61188252F}.Release|ARM.Build.0 = Release|ARM
		{95EE4C5F-FDA6-470E-A73F-10D61188252F}.Release|ARM.Deploy.0 = Release|ARM
		{95EE4C5F-FDA6-470E-A73F-10D61188252F}.Release|iPhone.ActiveCfg = Release|x86
		{95EE4C5F-FDA6-470E-A73F-10D61188252F}.Release|iPhoneSimulator.ActiveCfg = Release|x86
		{95EE4C5F-FDA6-470E-A73F-10D61188252F}.Release|x64.ActiveCfg = Release|x64
		{95EE4C5F-FDA6-470E-A73F-10D61188252F}.Release|x64.Build.0 = Release|x64
		{95EE4C5F-FDA6-470E-A73F-10D61188252F}.Release|x64.Deploy.0 = Release|x64
		{95EE4C5F-FDA6-470E-A73F-10D61188252F}.Release|x86.ActiveCfg = Release|x86
		{95EE4C5F-FDA6-470E-A73F-10D61188252F}.Release|x86.Build.0 = Release|x86
		{95EE4C5F-FDA6-470E-A73F-10D61188252F}.Release|x86.Deploy.0 = Release|x86
		{FA6A79FE-B316-4C2C-BA04-7894F8ECD9DB}.Ad-Hoc|Any CPU.ActiveCfg = Debug|Any CPU
		{FA6A79FE-B316-4C2C-BA04-7894F8ECD9DB}.Ad-Hoc|Any CPU.Build.0 = Debug|Any CPU
		{FA6A79FE-B316-4C2C-BA04-7894F8ECD9DB}.Ad-Hoc|ARM.ActiveCfg = Debug|Any CPU
		{FA6A79FE-B316-4C2C-BA04-7894F8ECD9DB}.Ad-Hoc|ARM.Build.0 = Debug|Any CPU
		{FA6A79FE-B316-4C2C-BA04-7894F8ECD9DB}.Ad-Hoc|iPhone.ActiveCfg = Debug|Any CPU
		{FA6A79FE-B316-4C2C-BA04-7894F8ECD9DB}.Ad-Hoc|iPhone.Build.0 = Debug|Any CPU
		{FA6A79FE-B316-4C2C-BA04-7894F8ECD9DB}.Ad-Hoc|iPhoneSimulator.ActiveCfg = Debug|Any CPU
		{FA6A79FE-B316-4C2C-BA04-7894F8ECD9DB}.Ad-Hoc|iPhoneSimulator.Build.0 = Debug|Any CPU
		{FA6A79FE-B316-4C2C-BA04-7894F8ECD9DB}.Ad-Hoc|x64.ActiveCfg = Debug|Any CPU
		{FA6A79FE-B316-4C2C-BA04-7894F8ECD9DB}.Ad-Hoc|x64.Build.0 = Debug|Any CPU
		{FA6A79FE-B316-4C2C-BA04-7894F8ECD9DB}.Ad-Hoc|x86.ActiveCfg = Debug|Any CPU
		{FA6A79FE-B316-4C2C-BA04-7894F8ECD9DB}.Ad-Hoc|x86.Build.0 = Debug|Any CPU
		{FA6A79FE-B316-4C2C-BA04-7894F8ECD9DB}.AppStore|Any CPU.ActiveCfg = Debug|Any CPU
		{FA6A79FE-B316-4C2C-BA04-7894F8ECD9DB}.AppStore|Any CPU.Build.0 = Debug|Any CPU
		{FA6A79FE-B316-4C2C-BA04-7894F8ECD9DB}.AppStore|ARM.ActiveCfg = Debug|Any CPU
		{FA6A79FE-B316-4C2C-BA04-7894F8ECD9DB}.AppStore|ARM.Build.0 = Debug|Any CPU
		{FA6A79FE-B316-4C2C-BA04-7894F8ECD9DB}.AppStore|iPhone.ActiveCfg = Debug|Any CPU
		{FA6A79FE-B316-4C2C-BA04-7894F8ECD9DB}.AppStore|iPhone.Build.0 = Debug|Any CPU
		{FA6A79FE-B316-4C2C-BA04-7894F8ECD9DB}.AppStore|iPhoneSimulator.ActiveCfg = Debug|Any CPU
		{FA6A79FE-B316-4C2C-BA04-7894F8ECD9DB}.AppStore|iPhoneSimulator.Build.0 = Debug|Any CPU
		{FA6A79FE-B316-4C2C-BA04-7894F8ECD9DB}.AppStore|x64.ActiveCfg = Debug|Any CPU
		{FA6A79FE-B316-4C2C-BA04-7894F8ECD9DB}.AppStore|x64.Build.0 = Debug|Any CPU
		{FA6A79FE-B316-4C2C-BA04-7894F8ECD9DB}.AppStore|x86.ActiveCfg = Debug|Any CPU
		{FA6A79FE-B316-4C2C-BA04-7894F8ECD9DB}.AppStore|x86.Build.0 = Debug|Any CPU
		{FA6A79FE-B316-4C2C-BA04-7894F8ECD9DB}.Debug|Any CPU.ActiveCfg = Debug|Any CPU
		{FA6A79FE-B316-4C2C-BA04-7894F8ECD9DB}.Debug|Any CPU.Build.0 = Debug|Any CPU
		{FA6A79FE-B316-4C2C-BA04-7894F8ECD9DB}.Debug|ARM.ActiveCfg = Debug|Any CPU
		{FA6A79FE-B316-4C2C-BA04-7894F8ECD9DB}.Debug|ARM.Build.0 = Debug|Any CPU
		{FA6A79FE-B316-4C2C-BA04-7894F8ECD9DB}.Debug|iPhone.ActiveCfg = Debug|Any CPU
		{FA6A79FE-B316-4C2C-BA04-7894F8ECD9DB}.Debug|iPhone.Build.0 = Debug|Any CPU
		{FA6A79FE-B316-4C2C-BA04-7894F8ECD9DB}.Debug|iPhoneSimulator.ActiveCfg = Debug|Any CPU
		{FA6A79FE-B316-4C2C-BA04-7894F8ECD9DB}.Debug|iPhoneSimulator.Build.0 = Debug|Any CPU
		{FA6A79FE-B316-4C2C-BA04-7894F8ECD9DB}.Debug|x64.ActiveCfg = Debug|Any CPU
		{FA6A79FE-B316-4C2C-BA04-7894F8ECD9DB}.Debug|x64.Build.0 = Debug|Any CPU
		{FA6A79FE-B316-4C2C-BA04-7894F8ECD9DB}.Debug|x86.ActiveCfg = Debug|Any CPU
		{FA6A79FE-B316-4C2C-BA04-7894F8ECD9DB}.Debug|x86.Build.0 = Debug|Any CPU
		{FA6A79FE-B316-4C2C-BA04-7894F8ECD9DB}.Release|Any CPU.ActiveCfg = Release|Any CPU
		{FA6A79FE-B316-4C2C-BA04-7894F8ECD9DB}.Release|Any CPU.Build.0 = Release|Any CPU
		{FA6A79FE-B316-4C2C-BA04-7894F8ECD9DB}.Release|ARM.ActiveCfg = Release|Any CPU
		{FA6A79FE-B316-4C2C-BA04-7894F8ECD9DB}.Release|ARM.Build.0 = Release|Any CPU
		{FA6A79FE-B316-4C2C-BA04-7894F8ECD9DB}.Release|iPhone.ActiveCfg = Release|Any CPU
		{FA6A79FE-B316-4C2C-BA04-7894F8ECD9DB}.Release|iPhone.Build.0 = Release|Any CPU
		{FA6A79FE-B316-4C2C-BA04-7894F8ECD9DB}.Release|iPhoneSimulator.ActiveCfg = Release|Any CPU
		{FA6A79FE-B316-4C2C-BA04-7894F8ECD9DB}.Release|iPhoneSimulator.Build.0 = Release|Any CPU
		{FA6A79FE-B316-4C2C-BA04-7894F8ECD9DB}.Release|x64.ActiveCfg = Release|Any CPU
		{FA6A79FE-B316-4C2C-BA04-7894F8ECD9DB}.Release|x64.Build.0 = Release|Any CPU
		{FA6A79FE-B316-4C2C-BA04-7894F8ECD9DB}.Release|x86.ActiveCfg = Release|Any CPU
		{FA6A79FE-B316-4C2C-BA04-7894F8ECD9DB}.Release|x86.Build.0 = Release|Any CPU
	EndGlobalSection
	GlobalSection(SolutionProperties) = preSolution
		HideSolutionNode = FALSE
	EndGlobalSection
	GlobalSection(ExtensibilityGlobals) = postSolution
		SolutionGuid = {48E2D2A3-02EC-4F00-899B-43EA7885B660}
	EndGlobalSection
EndGlobal
